
Microsoft Visual Studio Solution File, Format Version 12.00
# Visual Studio Version 17
VisualStudioVersion = 17.5.33414.496
MinimumVisualStudioVersion = 10.0.40219.1
Project("{8BC9CEB8-8B4A-11D0-8D11-00A0C91BC942}") = "2439", "2439\2439.vcxproj", "{6A6C0C71-DE5A-4985-8FEE-77FCAAEF355B}"
EndProject
Global
	GlobalSection(SolutionConfigurationPlatforms) = preSolution
		Debug|x64 = Debug|x64
		Debug|x86 = Debug|x86
		Release|x64 = Release|x64
		Release|x86 = Release|x86
	EndGlobalSection
	GlobalSection(ProjectConfigurationPlatforms) = postSolution
		{6A6C0C71-DE5A-4985-8FEE-77FCAAEF355B}.Debug|x64.ActiveCfg = Debug|x64
		{6A6C0C71-DE5A-4985-8FEE-77FCAAEF355B}.Debug|x64.Build.0 = Debug|x64
		{6A6C0C71-DE5A-4985-8FEE-77FCAAEF355B}.Debug|x86.ActiveCfg = Debug|Win32
		{6A6C0C71-DE5A-4985-8FEE-77FCAAEF355B}.Debug|x86.Build.0 = Debug|Win32
		{6A6C0C71-DE5A-4985-8FEE-77FCAAEF355B}.Release|x64.ActiveCfg = Release|x64
		{6A6C0C71-DE5A-4985-8FEE-77FCAAEF355B}.Release|x64.Build.0 = Release|x64
		{6A6C0C71-DE5A-4985-8FEE-77FCAAEF355B}.Release|x86.ActiveCfg = Release|Win32
		{6A6C0C71-DE5A-4985-8FEE-77FCAAEF355B}.Release|x86.Build.0 = Release|Win32
	EndGlobalSection
	GlobalSection(SolutionProperties) = preSolution
		HideSolutionNode = FALSE
	EndGlobalSection
	GlobalSection(ExtensibilityGlobals) = postSolution
		SolutionGuid = {A5E00546-9B90-4C21-BF92-43C47509207B}
	EndGlobalSection
EndGlobal
